{
  "name": "converter",
  "version": "1.0.0",
  "lockfileVersion": 2,
  "requires": true,
  "packages": {
    "": {
      "name": "converter",
      "version": "1.0.0",
      "license": "ISC",
      "dependencies": {
        "aigle": "^1.14.1",
        "lodash": "^4.17.21"
      }
    },
    "node_modules/aigle": {
      "version": "1.14.1",
      "resolved": "https://registry.npmjs.org/aigle/-/aigle-1.14.1.tgz",
      "integrity": "sha512-bCmQ65CEebspmpbWFs6ab3S27TNyVH1b5MledX8KoiGxUhsJmPUUGpaoSijhwawNnq5Lt8jbcq7Z7gUAD0nuTw==",
      "dependencies": {
        "aigle-core": "^1.0.0"
      }
    },
    "node_modules/aigle-core": {
      "version": "1.0.0",
      "resolved": "https://registry.npmjs.org/aigle-core/-/aigle-core-1.0.0.tgz",
      "integrity": "sha512-uGFWPumk5DLvYnUphNnff+kWC8VeAnjPbbU8ovsSHflKXGX77SD7cAN/aSBCLX3xnoJAM9KdtRgxUygRnSSu7A=="
    },
    "node_modules/lodash": {
      "version": "4.17.21",
      "resolved": "https://registry.npmjs.org/lodash/-/lodash-4.17.21.tgz",
      "integrity": "sha512-v2kDEe57lecTulaDIuNTPy3Ry4gLGJ6Z1O3vE1krgXZNrsQ+LFTGHVxVjcXPs17LhbZVGedAJv8XZ1tvj5FvSg=="
    }
  },
  "dependencies": {
    "aigle": {
      "version": "1.14.1",
      "resolved": "https://registry.npmjs.org/aigle/-/aigle-1.14.1.tgz",
      "integrity": "sha512-bCmQ65CEebspmpbWFs6ab3S27TNyVH1b5MledX8KoiGxUhsJmPUUGpaoSijhwawNnq5Lt8jbcq7Z7gUAD0nuTw==",
      "requires": {
        "aigle-core": "^1.0.0"
      }
    },
    "aigle-core": {
      "version": "1.0.0",
      "resolved": "https://registry.npmjs.org/aigle-core/-/aigle-core-1.0.0.tgz",
      "integrity": "sha512-uGFWPumk5DLvYnUphNnff+kWC8VeAnjPbbU8ovsSHflKXGX77SD7cAN/aSBCLX3xnoJAM9KdtRgxUygRnSSu7A=="
    },
    "lodash": {
      "version": "4.17.21",
      "resolved": "https://registry.npmjs.org/lodash/-/lodash-4.17.21.tgz",
      "integrity": "sha512-v2kDEe57lecTulaDIuNTPy3Ry4gLGJ6Z1O3vE1krgXZNrsQ+LFTGHVxVjcXPs17LhbZVGedAJv8XZ1tvj5FvSg=="
    }
  }
}
